schema: '2.0'
stages:
  prepare:
    cmd: python3 src/data/make_dataset.py
    deps:
    - path: data/raw
      hash: md5
      md5: 90c3e04bb8fa1558eb70f9096b5b6010.dir
      size: 31082914
      nfiles: 4
    - path: src/data/make_dataset.py
      hash: md5
      md5: 9a41967fd51c60b096f683300dd5475c
      size: 9647
    outs:
    - path: data/preprocessed
      hash: md5
      md5: 6e9434b6815190d2db38c2d5fb6ce1d5.dir
      size: 5983890
      nfiles: 4
  train:
    cmd: python3 src/models/train_model.py
    deps:
    - path: data/preprocessed
      hash: md5
      md5: 6e9434b6815190d2db38c2d5fb6ce1d5.dir
      size: 5983890
      nfiles: 4
    - path: src/models/train_model.py
      hash: md5
      md5: b7fecee87cf6a94104fe756347055451
      size: 728
    outs:
    - path: models/trained_model.joblib
      hash: md5
      md5: 5a0111bb63f9a37088c221d16a2925f6
      size: 239924529
  evaluation:
    cmd: python3 src/models/evaluate_model.py
    deps:
    - path: models/trained_model.joblib
      hash: md5
      md5: 5a0111bb63f9a37088c221d16a2925f6
      size: 239924529
    - path: src/models/evaluate_model.py
      hash: md5
      md5: 65d1f5754404f287ba753d7a6e2d59af
      size: 831
    outs:
    - path: metrics/accuracy.json
      hash: md5
      md5: f72f937b855e8990dd36995da0be8845
      size: 32
